
Microsoft Visual Studio Solution File, Format Version 12.00
# Visual Studio Version 17
VisualStudioVersion = 17.8.34330.188
MinimumVisualStudioVersion = 10.0.40219.1
Project("{FAE04EC0-301F-11D3-BF4B-00C04F79EFBC}") = "MauiReddit.App", "MauiReddit.App\MauiReddit.App.csproj", "{A2AAAF2A-8B24-46B2-91EB-62C2BEE861DD}"
EndProject
Global
	GlobalSection(SolutionConfigurationPlatforms) = preSolution
		Debug|Any CPU = Debug|Any CPU
		Release|Any CPU = Release|Any CPU
	EndGlobalSection
	GlobalSection(ProjectConfigurationPlatforms) = postSolution
		{A2AAAF2A-8B24-46B2-91EB-62C2BEE861DD}.Debug|Any CPU.ActiveCfg = Debug|Any CPU
		{A2AAAF2A-8B24-46B2-91EB-62C2BEE861DD}.Debug|Any CPU.Build.0 = Debug|Any CPU
		{A2AAAF2A-8B24-46B2-91EB-62C2BEE861DD}.Debug|Any CPU.Deploy.0 = Debug|Any CPU
		{A2AAAF2A-8B24-46B2-91EB-62C2BEE861DD}.Release|Any CPU.ActiveCfg = Release|Any CPU
		{A2AAAF2A-8B24-46B2-91EB-62C2BEE861DD}.Release|Any CPU.Build.0 = Release|Any CPU
		{A2AAAF2A-8B24-46B2-91EB-62C2BEE861DD}.Release|Any CPU.Deploy.0 = Release|Any CPU
	EndGlobalSection
	GlobalSection(SolutionProperties) = preSolution
		HideSolutionNode = FALSE
	EndGlobalSection
	GlobalSection(ExtensibilityGlobals) = postSolution
		SolutionGuid = {B6986156-3020-40F3-8C4A-320579A4C215}
	EndGlobalSection
EndGlobal
